
Microsoft Visual Studio Solution File, Format Version 12.00
Project("{FAE04EC0-301F-11D3-BF4B-00C04F79EFBC}") = "Features", "Features\Features.csproj", "{B50631ED-8426-43E5-B76B-C5DD1A343034}"
EndProject
Project("{FAE04EC0-301F-11D3-BF4B-00C04F79EFBC}") = "Features.Tests", "Features.Tests\Features.Tests.csproj", "{B651E4A7-48BD-40F0-BB7E-DAE7DE2DD800}"
EndProject
Global
	GlobalSection(SolutionConfigurationPlatforms) = preSolution
		Debug|Any CPU = Debug|Any CPU
		Release|Any CPU = Release|Any CPU
	EndGlobalSection
	GlobalSection(ProjectConfigurationPlatforms) = postSolution
		{B50631ED-8426-43E5-B76B-C5DD1A343034}.Debug|Any CPU.ActiveCfg = Debug|Any CPU
		{B50631ED-8426-43E5-B76B-C5DD1A343034}.Debug|Any CPU.Build.0 = Debug|Any CPU
		{B50631ED-8426-43E5-B76B-C5DD1A343034}.Release|Any CPU.ActiveCfg = Release|Any CPU
		{B50631ED-8426-43E5-B76B-C5DD1A343034}.Release|Any CPU.Build.0 = Release|Any CPU
		{B651E4A7-48BD-40F0-BB7E-DAE7DE2DD800}.Debug|Any CPU.ActiveCfg = Debug|Any CPU
		{B651E4A7-48BD-40F0-BB7E-DAE7DE2DD800}.Debug|Any CPU.Build.0 = Debug|Any CPU
		{B651E4A7-48BD-40F0-BB7E-DAE7DE2DD800}.Release|Any CPU.ActiveCfg = Release|Any CPU
		{B651E4A7-48BD-40F0-BB7E-DAE7DE2DD800}.Release|Any CPU.Build.0 = Release|Any CPU
	EndGlobalSection
EndGlobal
